
Microsoft Visual Studio Solution File, Format Version 12.00
# Visual Studio Version 16
VisualStudioVersion = 16.0.30804.86
MinimumVisualStudioVersion = 10.0.40219.1
Project("{FAE04EC0-301F-11D3-BF4B-00C04F79EFBC}") = "Jogo da Velha", "Jogo da Velha\Jogo da Velha.csproj", "{FC01C88D-D20F-4FE8-8D60-0B1D93F315BA}"
EndProject
Global
	GlobalSection(SolutionConfigurationPlatforms) = preSolution
		Debug|Any CPU = Debug|Any CPU
		Release|Any CPU = Release|Any CPU
	EndGlobalSection
	GlobalSection(ProjectConfigurationPlatforms) = postSolution
		{FC01C88D-D20F-4FE8-8D60-0B1D93F315BA}.Debug|Any CPU.ActiveCfg = Debug|Any CPU
		{FC01C88D-D20F-4FE8-8D60-0B1D93F315BA}.Debug|Any CPU.Build.0 = Debug|Any CPU
		{FC01C88D-D20F-4FE8-8D60-0B1D93F315BA}.Release|Any CPU.ActiveCfg = Release|Any CPU
		{FC01C88D-D20F-4FE8-8D60-0B1D93F315BA}.Release|Any CPU.Build.0 = Release|Any CPU
	EndGlobalSection
	GlobalSection(SolutionProperties) = preSolution
		HideSolutionNode = FALSE
	EndGlobalSection
	GlobalSection(ExtensibilityGlobals) = postSolution
		SolutionGuid = {C83F807B-8FD8-43DD-8A05-42B28E6DBF18}
	EndGlobalSection
EndGlobal
